
Microsoft Visual Studio Solution File, Format Version 12.00
# Visual Studio Version 16
VisualStudioVersion = 16.0.31019.35
MinimumVisualStudioVersion = 10.0.40219.1
Project("{2150E333-8FDC-42A3-9474-1A3956D46DE8}") = "src", "src", "{13DF4D7B-46AB-4067-A328-345BB63483A5}"
EndProject
Project("{2150E333-8FDC-42A3-9474-1A3956D46DE8}") = "test", "test", "{C76B66C7-2EB5-4766-B0DB-F2C3E845386F}"
EndProject
Project("{2150E333-8FDC-42A3-9474-1A3956D46DE8}") = "samples", "samples", "{F4491584-794E-4B43-8455-E6A3D58F00DF}"
EndProject
Project("{9A19103F-16F7-4668-BE54-9A1E7A4F7556}") = "Elmah.Io.Uno", "src\Elmah.Io.Uno\Elmah.Io.Uno.csproj", "{B1632D04-F4EF-484A-9C44-FFDE65BE7C6C}"
EndProject
Project("{D954291E-2A0B-460D-934E-DC6B0785DB48}") = "Elmah.Io.UnoSample.Shared", "samples\Elmah.Io.UnoSample\Elmah.Io.UnoSample.Shared\Elmah.Io.UnoSample.Shared.shproj", "{6279C845-92F8-4333-AB99-3D213163593C}"
EndProject
Project("{2150E333-8FDC-42A3-9474-1A3956D46DE8}") = "Platforms", "Platforms", "{1AA650D7-1A4C-4245-A646-21CCC09AF4AF}"
EndProject
Project("{FAE04EC0-301F-11D3-BF4B-00C04F79EFBC}") = "Elmah.Io.UnoSample.Droid", "samples\Elmah.Io.UnoSample\Elmah.Io.UnoSample.Droid\Elmah.Io.UnoSample.Droid.csproj", "{631A865D-0D10-4E8C-82D3-A042858BB4E4}"
EndProject
Project("{2150E333-8FDC-42A3-9474-1A3956D46DE8}") = "Solution Items", "Solution Items", "{92E4178B-CF1E-4BBA-84D2-C4CA4B6BD6D5}"
	ProjectSection(SolutionItems) = preProject
		.github\workflows\build.yml = .github\workflows\build.yml
		README.md = README.md
	EndProjectSection
EndProject
Global
	GlobalSection(SharedMSBuildProjectFiles) = preSolution
		samples\Elmah.Io.UnoSample\Elmah.Io.UnoSample.Shared\Elmah.Io.UnoSample.Shared.projitems*{6279c845-92f8-4333-ab99-3d213163593c}*SharedItemsImports = 13
		samples\Elmah.Io.UnoSample\Elmah.Io.UnoSample.Shared\Elmah.Io.UnoSample.Shared.projitems*{631a865d-0d10-4e8c-82d3-a042858bb4e4}*SharedItemsImports = 4
	EndGlobalSection
	GlobalSection(SolutionConfigurationPlatforms) = preSolution
		Ad-Hoc|Any CPU = Ad-Hoc|Any CPU
		Ad-Hoc|ARM = Ad-Hoc|ARM
		Ad-Hoc|ARM64 = Ad-Hoc|ARM64
		Ad-Hoc|iPhone = Ad-Hoc|iPhone
		Ad-Hoc|iPhoneSimulator = Ad-Hoc|iPhoneSimulator
		Ad-Hoc|x64 = Ad-Hoc|x64
		Ad-Hoc|x86 = Ad-Hoc|x86
		AppStore|Any CPU = AppStore|Any CPU
		AppStore|ARM = AppStore|ARM
		AppStore|ARM64 = AppStore|ARM64
		AppStore|iPhone = AppStore|iPhone
		AppStore|iPhoneSimulator = AppStore|iPhoneSimulator
		AppStore|x64 = AppStore|x64
		AppStore|x86 = AppStore|x86
		Debug|Any CPU = Debug|Any CPU
		Debug|ARM = Debug|ARM
		Debug|ARM64 = Debug|ARM64
		Debug|iPhone = Debug|iPhone
		Debug|iPhoneSimulator = Debug|iPhoneSimulator
		Debug|x64 = Debug|x64
		Debug|x86 = Debug|x86
		Release|Any CPU = Release|Any CPU
		Release|ARM = Release|ARM
		Release|ARM64 = Release|ARM64
		Release|iPhone = Release|iPhone
		Release|iPhoneSimulator = Release|iPhoneSimulator
		Release|x64 = Release|x64
		Release|x86 = Release|x86
	EndGlobalSection
	GlobalSection(ProjectConfigurationPlatforms) = postSolution
		{B1632D04-F4EF-484A-9C44-FFDE65BE7C6C}.Ad-Hoc|Any CPU.ActiveCfg = Debug|Any CPU
		{B1632D04-F4EF-484A-9C44-FFDE65BE7C6C}.Ad-Hoc|Any CPU.Build.0 = Debug|Any CPU
		{B1632D04-F4EF-484A-9C44-FFDE65BE7C6C}.Ad-Hoc|ARM.ActiveCfg = Debug|Any CPU
		{B1632D04-F4EF-484A-9C44-FFDE65BE7C6C}.Ad-Hoc|ARM.Build.0 = Debug|Any CPU
		{B1632D04-F4EF-484A-9C44-FFDE65BE7C6C}.Ad-Hoc|ARM64.ActiveCfg = Debug|Any CPU
		{B1632D04-F4EF-484A-9C44-FFDE65BE7C6C}.Ad-Hoc|ARM64.Build.0 = Debug|Any CPU
		{B1632D04-F4EF-484A-9C44-FFDE65BE7C6C}.Ad-Hoc|iPhone.ActiveCfg = Debug|Any CPU
		{B1632D04-F4EF-484A-9C44-FFDE65BE7C6C}.Ad-Hoc|iPhone.Build.0 = Debug|Any CPU
		{B1632D04-F4EF-484A-9C44-FFDE65BE7C6C}.Ad-Hoc|iPhoneSimulator.ActiveCfg = Debug|Any CPU
		{B1632D04-F4EF-484A-9C44-FFDE65BE7C6C}.Ad-Hoc|iPhoneSimulator.Build.0 = Debug|Any CPU
		{B1632D04-F4EF-484A-9C44-FFDE65BE7C6C}.Ad-Hoc|x64.ActiveCfg = Debug|Any CPU
		{B1632D04-F4EF-484A-9C44-FFDE65BE7C6C}.Ad-Hoc|x64.Build.0 = Debug|Any CPU
		{B1632D04-F4EF-484A-9C44-FFDE65BE7C6C}.Ad-Hoc|x86.ActiveCfg = Debug|Any CPU
		{B1632D04-F4EF-484A-9C44-FFDE65BE7C6C}.Ad-Hoc|x86.Build.0 = Debug|Any CPU
		{B1632D04-F4EF-484A-9C44-FFDE65BE7C6C}.AppStore|Any CPU.ActiveCfg = Debug|Any CPU
		{B1632D04-F4EF-484A-9C44-FFDE65BE7C6C}.AppStore|Any CPU.Build.0 = Debug|Any CPU
		{B1632D04-F4EF-484A-9C44-FFDE65BE7C6C}.AppStore|ARM.ActiveCfg = Debug|Any CPU
		{B1632D04-F4EF-484A-9C44-FFDE65BE7C6C}.AppStore|ARM.Build.0 = Debug|Any CPU
		{B1632D04-F4EF-484A-9C44-FFDE65BE7C6C}.AppStore|ARM64.ActiveCfg = Debug|Any CPU
		{B1632D04-F4EF-484A-9C44-FFDE65BE7C6C}.AppStore|ARM64.Build.0 = Debug|Any CPU
		{B1632D04-F4EF-484A-9C44-FFDE65BE7C6C}.AppStore|iPhone.ActiveCfg = Debug|Any CPU
		{B1632D04-F4EF-484A-9C44-FFDE65BE7C6C}.AppStore|iPhone.Build.0 = Debug|Any CPU
		{B1632D04-F4EF-484A-9C44-FFDE65BE7C6C}.AppStore|iPhoneSimulator.ActiveCfg = Debug|Any CPU
		{B1632D04-F4EF-484A-9C44-FFDE65BE7C6C}.AppStore|iPhoneSimulator.Build.0 = Debug|Any CPU
		{B1632D04-F4EF-484A-9C44-FFDE65BE7C6C}.AppStore|x64.ActiveCfg = Debug|Any CPU
		{B1632D04-F4EF-484A-9C44-FFDE65BE7C6C}.AppStore|x64.Build.0 = Debug|Any CPU
		{B1632D04-F4EF-484A-9C44-FFDE65BE7C6C}.AppStore|x86.ActiveCfg = Debug|Any CPU
		{B1632D04-F4EF-484A-9C44-FFDE65BE7C6C}.AppStore|x86.Build.0 = Debug|Any CPU
		{B1632D04-F4EF-484A-9C44-FFDE65BE7C6C}.Debug|Any CPU.ActiveCfg = Debug|Any CPU
		{B1632D04-F4EF-484A-9C44-FFDE65BE7C6C}.Debug|Any CPU.Build.0 = Debug|Any CPU
		{B1632D04-F4EF-484A-9C44-FFDE65BE7C6C}.Debug|ARM.ActiveCfg = Debug|Any CPU
		{B1632D04-F4EF-484A-9C44-FFDE65BE7C6C}.Debug|ARM.Build.0 = Debug|Any CPU
		{B1632D04-F4EF-484A-9C44-FFDE65BE7C6C}.Debug|ARM64.ActiveCfg = Debug|Any CPU
		{B1632D04-F4EF-484A-9C44-FFDE65BE7C6C}.Debug|ARM64.Build.0 = Debug|Any CPU
		{B1632D04-F4EF-484A-9C44-FFDE65BE7C6C}.Debug|iPhone.ActiveCfg = Debug|Any CPU
		{B1632D04-F4EF-484A-9C44-FFDE65BE7C6C}.Debug|iPhone.Build.0 = Debug|Any CPU
		{B1632D04-F4EF-484A-9C44-FFDE65BE7C6C}.Debug|iPhoneSimulator.ActiveCfg = Debug|Any CPU
		{B1632D04-F4EF-484A-9C44-FFDE65BE7C6C}.Debug|iPhoneSimulator.Build.0 = Debug|Any CPU
		{B1632D04-F4EF-484A-9C44-FFDE65BE7C6C}.Debug|x64.ActiveCfg = Debug|Any CPU
		{B1632D04-F4EF-484A-9C44-FFDE65BE7C6C}.Debug|x64.Build.0 = Debug|Any CPU
		{B1632D04-F4EF-484A-9C44-FFDE65BE7C6C}.Debug|x86.ActiveCfg = Debug|Any CPU
		{B1632D04-F4EF-484A-9C44-FFDE65BE7C6C}.Debug|x86.Build.0 = Debug|Any CPU
		{B1632D04-F4EF-484A-9C44-FFDE65BE7C6C}.Release|Any CPU.ActiveCfg = Release|Any CPU
		{B1632D04-F4EF-484A-9C44-FFDE65BE7C6C}.Release|Any CPU.Build.0 = Release|Any CPU
		{B1632D04-F4EF-484A-9C44-FFDE65BE7C6C}.Release|ARM.ActiveCfg = Release|Any CPU
		{B1632D04-F4EF-484A-9C44-FFDE65BE7C6C}.Release|ARM.Build.0 = Release|Any CPU
		{B1632D04-F4EF-484A-9C44-FFDE65BE7C6C}.Release|ARM64.ActiveCfg = Release|Any CPU
		{B1632D04-F4EF-484A-9C44-FFDE65BE7C6C}.Release|ARM64.Build.0 = Release|Any CPU
		{B1632D04-F4EF-484A-9C44-FFDE65BE7C6C}.Release|iPhone.ActiveCfg = Release|Any CPU
		{B1632D04-F4EF-484A-9C44-FFDE65BE7C6C}.Release|iPhone.Build.0 = Release|Any CPU
		{B1632D04-F4EF-484A-9C44-FFDE65BE7C6C}.Release|iPhoneSimulator.ActiveCfg = Release|Any CPU
		{B1632D04-F4EF-484A-9C44-FFDE65BE7C6C}.Release|iPhoneSimulator.Build.0 = Release|Any CPU
		{B1632D04-F4EF-484A-9C44-FFDE65BE7C6C}.Release|x64.ActiveCfg = Release|Any CPU
		{B1632D04-F4EF-484A-9C44-FFDE65BE7C6C}.Release|x64.Build.0 = Release|Any CPU
		{B1632D04-F4EF-484A-9C44-FFDE65BE7C6C}.Release|x86.ActiveCfg = Release|Any CPU
		{B1632D04-F4EF-484A-9C44-FFDE65BE7C6C}.Release|x86.Build.0 = Release|Any CPU
		{631A865D-0D10-4E8C-82D3-A042858BB4E4}.Ad-Hoc|Any CPU.ActiveCfg = Debug|Any CPU
		{631A865D-0D10-4E8C-82D3-A042858BB4E4}.Ad-Hoc|Any CPU.Build.0 = Debug|Any CPU
		{631A865D-0D10-4E8C-82D3-A042858BB4E4}.Ad-Hoc|Any CPU.Deploy.0 = Debug|Any CPU
		{631A865D-0D10-4E8C-82D3-A042858BB4E4}.Ad-Hoc|ARM.ActiveCfg = Debug|Any CPU
		{631A865D-0D10-4E8C-82D3-A042858BB4E4}.Ad-Hoc|ARM.Build.0 = Debug|Any CPU
		{631A865D-0D10-4E8C-82D3-A042858BB4E4}.Ad-Hoc|ARM.Deploy.0 = Debug|Any CPU
		{631A865D-0D10-4E8C-82D3-A042858BB4E4}.Ad-Hoc|ARM64.ActiveCfg = Debug|Any CPU
		{631A865D-0D10-4E8C-82D3-A042858BB4E4}.Ad-Hoc|ARM64.Build.0 = Debug|Any CPU
		{631A865D-0D10-4E8C-82D3-A042858BB4E4}.Ad-Hoc|ARM64.Deploy.0 = Debug|Any CPU
		{631A865D-0D10-4E8C-82D3-A042858BB4E4}.Ad-Hoc|iPhone.ActiveCfg = Debug|Any CPU
		{631A865D-0D10-4E8C-82D3-A042858BB4E4}.Ad-Hoc|iPhone.Build.0 = Debug|Any CPU
		{631A865D-0D10-4E8C-82D3-A042858BB4E4}.Ad-Hoc|iPhone.Deploy.0 = Debug|Any CPU
		{631A865D-0D10-4E8C-82D3-A042858BB4E4}.Ad-Hoc|iPhoneSimulator.ActiveCfg = Debug|Any CPU
		{631A865D-0D10-4E8C-82D3-A042858BB4E4}.Ad-Hoc|iPhoneSimulator.Build.0 = Debug|Any CPU
		{631A865D-0D10-4E8C-82D3-A042858BB4E4}.Ad-Hoc|iPhoneSimulator.Deploy.0 = Debug|Any CPU
		{631A865D-0D10-4E8C-82D3-A042858BB4E4}.Ad-Hoc|x64.ActiveCfg = Debug|Any CPU
		{631A865D-0D10-4E8C-82D3-A042858BB4E4}.Ad-Hoc|x64.Build.0 = Debug|Any CPU
		{631A865D-0D10-4E8C-82D3-A042858BB4E4}.Ad-Hoc|x64.Deploy.0 = Debug|Any CPU
		{631A865D-0D10-4E8C-82D3-A042858BB4E4}.Ad-Hoc|x86.ActiveCfg = Debug|Any CPU
		{631A865D-0D10-4E8C-82D3-A042858BB4E4}.Ad-Hoc|x86.Build.0 = Debug|Any CPU
		{631A865D-0D10-4E8C-82D3-A042858BB4E4}.Ad-Hoc|x86.Deploy.0 = Debug|Any CPU
		{631A865D-0D10-4E8C-82D3-A042858BB4E4}.AppStore|Any CPU.ActiveCfg = Debug|Any CPU
		{631A865D-0D10-4E8C-82D3-A042858BB4E4}.AppStore|Any CPU.Build.0 = Debug|Any CPU
		{631A865D-0D10-4E8C-82D3-A042858BB4E4}.AppStore|Any CPU.Deploy.0 = Debug|Any CPU
		{631A865D-0D10-4E8C-82D3-A042858BB4E4}.AppStore|ARM.ActiveCfg = Debug|Any CPU
		{631A865D-0D10-4E8C-82D3-A042858BB4E4}.AppStore|ARM.Build.0 = Debug|Any CPU
		{631A865D-0D10-4E8C-82D3-A042858BB4E4}.AppStore|ARM.Deploy.0 = Debug|Any CPU
		{631A865D-0D10-4E8C-82D3-A042858BB4E4}.AppStore|ARM64.ActiveCfg = Debug|Any CPU
		{631A865D-0D10-4E8C-82D3-A042858BB4E4}.AppStore|ARM64.Build.0 = Debug|Any CPU
		{631A865D-0D10-4E8C-82D3-A042858BB4E4}.AppStore|ARM64.Deploy.0 = Debug|Any CPU
		{631A865D-0D10-4E8C-82D3-A042858BB4E4}.AppStore|iPhone.ActiveCfg = Debug|Any CPU
		{631A865D-0D10-4E8C-82D3-A042858BB4E4}.AppStore|iPhone.Build.0 = Debug|Any CPU
		{631A865D-0D10-4E8C-82D3-A042858BB4E4}.AppStore|iPhone.Deploy.0 = Debug|Any CPU
		{631A865D-0D10-4E8C-82D3-A042858BB4E4}.AppStore|iPhoneSimulator.ActiveCfg = Debug|Any CPU
		{631A865D-0D10-4E8C-82D3-A042858BB4E4}.AppStore|iPhoneSimulator.Build.0 = Debug|Any CPU
		{631A865D-0D10-4E8C-82D3-A042858BB4E4}.AppStore|iPhoneSimulator.Deploy.0 = Debug|Any CPU
		{631A865D-0D10-4E8C-82D3-A042858BB4E4}.AppStore|x64.ActiveCfg = Debug|Any CPU
		{631A865D-0D10-4E8C-82D3-A042858BB4E4}.AppStore|x64.Build.0 = Debug|Any CPU
		{631A865D-0D10-4E8C-82D3-A042858BB4E4}.AppStore|x64.Deploy.0 = Debug|Any CPU
		{631A865D-0D10-4E8C-82D3-A042858BB4E4}.AppStore|x86.ActiveCfg = Debug|Any CPU
		{631A865D-0D10-4E8C-82D3-A042858BB4E4}.AppStore|x86.Build.0 = Debug|Any CPU
		{631A865D-0D10-4E8C-82D3-A042858BB4E4}.AppStore|x86.Deploy.0 = Debug|Any CPU
		{631A865D-0D10-4E8C-82D3-A042858BB4E4}.Debug|Any CPU.ActiveCfg = Debug|Any CPU
		{631A865D-0D10-4E8C-82D3-A042858BB4E4}.Debug|Any CPU.Build.0 = Debug|Any CPU
		{631A865D-0D10-4E8C-82D3-A042858BB4E4}.Debug|Any CPU.Deploy.0 = Debug|Any CPU
		{631A865D-0D10-4E8C-82D3-A042858BB4E4}.Debug|ARM.ActiveCfg = Debug|Any CPU
		{631A865D-0D10-4E8C-82D3-A042858BB4E4}.Debug|ARM.Build.0 = Debug|Any CPU
		{631A865D-0D10-4E8C-82D3-A042858BB4E4}.Debug|ARM.Deploy.0 = Debug|Any CPU
		{631A865D-0D10-4E8C-82D3-A042858BB4E4}.Debug|ARM64.ActiveCfg = Debug|Any CPU
		{631A865D-0D10-4E8C-82D3-A042858BB4E4}.Debug|ARM64.Build.0 = Debug|Any CPU
		{631A865D-0D10-4E8C-82D3-A042858BB4E4}.Debug|ARM64.Deploy.0 = Debug|Any CPU
		{631A865D-0D10-4E8C-82D3-A042858BB4E4}.Debug|iPhone.ActiveCfg = Debug|Any CPU
		{631A865D-0D10-4E8C-82D3-A042858BB4E4}.Debug|iPhone.Build.0 = Debug|Any CPU
		{631A865D-0D10-4E8C-82D3-A042858BB4E4}.Debug|iPhone.Deploy.0 = Debug|Any CPU
		{631A865D-0D10-4E8C-82D3-A042858BB4E4}.Debug|iPhoneSimulator.ActiveCfg = Debug|Any CPU
		{631A865D-0D10-4E8C-82D3-A042858BB4E4}.Debug|iPhoneSimulator.Build.0 = Debug|Any CPU
		{631A865D-0D10-4E8C-82D3-A042858BB4E4}.Debug|iPhoneSimulator.Deploy.0 = Debug|Any CPU
		{631A865D-0D10-4E8C-82D3-A042858BB4E4}.Debug|x64.ActiveCfg = Debug|Any CPU
		{631A865D-0D10-4E8C-82D3-A042858BB4E4}.Debug|x64.Build.0 = Debug|Any CPU
		{631A865D-0D10-4E8C-82D3-A042858BB4E4}.Debug|x64.Deploy.0 = Debug|Any CPU
		{631A865D-0D10-4E8C-82D3-A042858BB4E4}.Debug|x86.ActiveCfg = Debug|Any CPU
		{631A865D-0D10-4E8C-82D3-A042858BB4E4}.Debug|x86.Build.0 = Debug|Any CPU
		{631A865D-0D10-4E8C-82D3-A042858BB4E4}.Debug|x86.Deploy.0 = Debug|Any CPU
		{631A865D-0D10-4E8C-82D3-A042858BB4E4}.Release|Any CPU.ActiveCfg = Release|Any CPU
		{631A865D-0D10-4E8C-82D3-A042858BB4E4}.Release|Any CPU.Build.0 = Release|Any CPU
		{631A865D-0D10-4E8C-82D3-A042858BB4E4}.Release|Any CPU.Deploy.0 = Release|Any CPU
		{631A865D-0D10-4E8C-82D3-A042858BB4E4}.Release|ARM.ActiveCfg = Release|Any CPU
		{631A865D-0D10-4E8C-82D3-A042858BB4E4}.Release|ARM.Build.0 = Release|Any CPU
		{631A865D-0D10-4E8C-82D3-A042858BB4E4}.Release|ARM.Deploy.0 = Release|Any CPU
		{631A865D-0D10-4E8C-82D3-A042858BB4E4}.Release|ARM64.ActiveCfg = Release|Any CPU
		{631A865D-0D10-4E8C-82D3-A042858BB4E4}.Release|ARM64.Build.0 = Release|Any CPU
		{631A865D-0D10-4E8C-82D3-A042858BB4E4}.Release|ARM64.Deploy.0 = Release|Any CPU
		{631A865D-0D10-4E8C-82D3-A042858BB4E4}.Release|iPhone.ActiveCfg = Release|Any CPU
		{631A865D-0D10-4E8C-82D3-A042858BB4E4}.Release|iPhone.Build.0 = Release|Any CPU
		{631A865D-0D10-4E8C-82D3-A042858BB4E4}.Release|iPhone.Deploy.0 = Release|Any CPU
		{631A865D-0D10-4E8C-82D3-A042858BB4E4}.Release|iPhoneSimulator.ActiveCfg = Release|Any CPU
		{631A865D-0D10-4E8C-82D3-A042858BB4E4}.Release|iPhoneSimulator.Build.0 = Release|Any CPU
		{631A865D-0D10-4E8C-82D3-A042858BB4E4}.Release|iPhoneSimulator.Deploy.0 = Release|Any CPU
		{631A865D-0D10-4E8C-82D3-A042858BB4E4}.Release|x64.ActiveCfg = Release|Any CPU
		{631A865D-0D10-4E8C-82D3-A042858BB4E4}.Release|x64.Build.0 = Release|Any CPU
		{631A865D-0D10-4E8C-82D3-A042858BB4E4}.Release|x64.Deploy.0 = Release|Any CPU
		{631A865D-0D10-4E8C-82D3-A042858BB4E4}.Release|x86.ActiveCfg = Release|Any CPU
		{631A865D-0D10-4E8C-82D3-A042858BB4E4}.Release|x86.Build.0 = Release|Any CPU
		{631A865D-0D10-4E8C-82D3-A042858BB4E4}.Release|x86.Deploy.0 = Release|Any CPU
	EndGlobalSection
	GlobalSection(SolutionProperties) = preSolution
		HideSolutionNode = FALSE
	EndGlobalSection
	GlobalSection(NestedProjects) = preSolution
		{B1632D04-F4EF-484A-9C44-FFDE65BE7C6C} = {13DF4D7B-46AB-4067-A328-345BB63483A5}
		{6279C845-92F8-4333-AB99-3D213163593C} = {F4491584-794E-4B43-8455-E6A3D58F00DF}
		{1AA650D7-1A4C-4245-A646-21CCC09AF4AF} = {F4491584-794E-4B43-8455-E6A3D58F00DF}
		{631A865D-0D10-4E8C-82D3-A042858BB4E4} = {1AA650D7-1A4C-4245-A646-21CCC09AF4AF}
	EndGlobalSection
	GlobalSection(ExtensibilityGlobals) = postSolution
		SolutionGuid = {4438E7ED-8B8A-4C38-8C0D-1C75624B8FB3}
	EndGlobalSection
EndGlobal
